{
    "_readme": [
        "This file locks the dependencies of your project to a known state",
        "Read more about it at https://getcomposer.org/doc/01-basic-usage.md#installing-dependencies",
        "This file is @generated automatically"
    ],
    "content-hash": "9825ce5d2a03bcceda0020c4aee916d2",
    "packages": [
        {
            "name": "ifsnop/mysqldump-php",
            "version": "v2.9",
            "source": {
                "type": "git",
                "url": "https://github.com/ifsnop/mysqldump-php.git",
                "reference": "fc9c119fe5d70af9a685cad6a8ac612fd7589e25"
            },
            "dist": {
                "type": "zip",
                "url": "https://api.github.com/repos/ifsnop/mysqldump-php/zipball/fc9c119fe5d70af9a685cad6a8ac612fd7589e25",
                "reference": "fc9c119fe5d70af9a685cad6a8ac612fd7589e25",
                "shasum": ""
            },
            "require": {
                "php": ">=5.3.0"
            },
            "require-dev": {
                "phpunit/phpunit": "4.8.36",
                "squizlabs/php_codesniffer": "1.*"
            },
            "type": "library",
            "autoload": {
                "psr-4": {
                    "Ifsnop\\": "src/Ifsnop/"
                }
            },
            "notification-url": "https://packagist.org/downloads/",
            "license": [
                "GPL-3.0-or-later"
            ],
            "authors": [
                {
                    "name": "Diego Torres",
                    "homepage": "https://github.com/ifsnop",
                    "role": "Developer"
                }
            ],
            "description": "PHP version of mysqldump cli that comes with MySQL",
            "homepage": "https://github.com/ifsnop/mysqldump-php",
            "keywords": [
                "PHP7",
                "database",
                "hhvm",
                "mariadb",
                "mysql",
                "mysql-backup",
                "mysqldump",
                "pdo",
                "php",
                "php5",
                "sql"
            ],
            "time": "2020-04-03T14:40:40+00:00"
        },
        {
            "name": "phpmailer/phpmailer",
            "version": "v6.1.5",
            "source": {
                "type": "git",
                "url": "https://github.com/PHPMailer/PHPMailer.git",
                "reference": "a8bf068f64a580302026e484ee29511f661b2ad3"
            },
            "dist": {
                "type": "zip",
                "url": "https://api.github.com/repos/PHPMailer/PHPMailer/zipball/a8bf068f64a580302026e484ee29511f661b2ad3",
                "reference": "a8bf068f64a580302026e484ee29511f661b2ad3",
                "shasum": ""
            },
            "require": {
                "ext-ctype": "*",
                "ext-filter": "*",
                "php": ">=5.5.0"
            },
            "require-dev": {
                "doctrine/annotations": "^1.2",
                "friendsofphp/php-cs-fixer": "^2.2",
                "phpunit/phpunit": "^4.8 || ^5.7"
            },
            "suggest": {
                "ext-mbstring": "Needed to send email in multibyte encoding charset",
                "hayageek/oauth2-yahoo": "Needed for Yahoo XOAUTH2 authentication",
                "league/oauth2-google": "Needed for Google XOAUTH2 authentication",
                "psr/log": "For optional PSR-3 debug logging",
                "stevenmaguire/oauth2-microsoft": "Needed for Microsoft XOAUTH2 authentication",
                "symfony/polyfill-mbstring": "To support UTF-8 if the Mbstring PHP extension is not enabled (^1.2)"
            },
            "type": "library",
            "autoload": {
                "psr-4": {
                    "PHPMailer\\PHPMailer\\": "src/"
                }
            },
            "notification-url": "https://packagist.org/downloads/",
            "license": [
                "LGPL-2.1-only"
            ],
            "authors": [
                {
                    "name": "Marcus Bointon",
                    "email": "phpmailer@synchromedia.co.uk"
                },
                {
                    "name": "Jim Jagielski",
                    "email": "jimjag@gmail.com"
                },
                {
                    "name": "Andy Prevost",
                    "email": "codeworxtech@users.sourceforge.net"
                },
                {
                    "name": "Brent R. Matzelle"
                }
            ],
            "description": "PHPMailer is a full-featured email creation and transfer class for PHP",
            "time": "2020-03-14T14:23:48+00:00"
        }
    ],
    "packages-dev": [],
    "aliases": [],
    "minimum-stability": "stable",
    "stability-flags": [],
    "prefer-stable": false,
    "prefer-lowest": false,
    "platform": [],
    "platform-dev": []
}
